
Microsoft Visual Studio Solution File, Format Version 12.00
# Visual Studio Version 16
VisualStudioVersion = 16.0.29709.97
MinimumVisualStudioVersion = 10.0.40219.1
Project("{FAE04EC0-301F-11D3-BF4B-00C04F79EFBC}") = "Hello", "Hello\Hello.csproj", "{75CE3C70-7DDE-4306-9704-883641BB22D2}"
EndProject
Global
	GlobalSection(SolutionConfigurationPlatforms) = preSolution
		Debug|Any CPU = Debug|Any CPU
		Release|Any CPU = Release|Any CPU
	EndGlobalSection
	GlobalSection(ProjectConfigurationPlatforms) = postSolution
		{75CE3C70-7DDE-4306-9704-883641BB22D2}.Debug|Any CPU.ActiveCfg = Debug|Any CPU
		{75CE3C70-7DDE-4306-9704-883641BB22D2}.Debug|Any CPU.Build.0 = Debug|Any CPU
		{75CE3C70-7DDE-4306-9704-883641BB22D2}.Release|Any CPU.ActiveCfg = Release|Any CPU
		{75CE3C70-7DDE-4306-9704-883641BB22D2}.Release|Any CPU.Build.0 = Release|Any CPU
	EndGlobalSection
	GlobalSection(SolutionProperties) = preSolution
		HideSolutionNode = FALSE
	EndGlobalSection
	GlobalSection(ExtensibilityGlobals) = postSolution
		SolutionGuid = {68034E25-1907-4FD2-9244-02E73576CBAC}
	EndGlobalSection
EndGlobal
